// !$*UTF8*$!
{
	archiveVersion = 1;
	classes = {
	};
	objectVersion = 77;
	objects = {

/* Begin PBXContainerItemProxy section */
		AFFAB3E12F3D094800F4495A /* PBXContainerItemProxy */ = {
			isa = PBXContainerItemProxy;
			containerPortal = AFFAB3C62F3D094600F4495A /* Project object */;
			proxyType = 1;
			remoteGlobalIDString = AFFAB3CD2F3D094600F4495A;
			remoteInfo = "Health Dashboard Export";
		};
		AFFAB3EB2F3D094800F4495A /* PBXContainerItemProxy */ = {
			isa = PBXContainerItemProxy;
			containerPortal = AFFAB3C62F3D094600F4495A /* Project object */;
			proxyType = 1;
			remoteGlobalIDString = AFFAB3CD2F3D094600F4495A;
			remoteInfo = "Health Dashboard Export";
		};
/* End PBXContainerItemProxy section */

/* Begin PBXFileReference section */
		AFFAB3CE2F3D094600F4495A /* Health Dashboard Export.app */ = {isa = PBXFileReference; explicitFileType = wrapper.application; includeInIndex = 0; path = "Health Dashboard Export.app"; sourceTree = BUILT_PRODUCTS_DIR; };
		AFFAB3E02F3D094800F4495A /* Health Dashboard ExportTests.xctest */ = {isa = PBXFileReference; explicitFileType = wrapper.cfbundle; includeInIndex = 0; path = "Health Dashboard ExportTests.xctest"; sourceTree = BUILT_PRODUCTS_DIR; };
		AFFAB3EA2F3D094800F4495A /* Health Dashboard ExportUITests.xctest */ = {isa = PBXFileReference; explicitFileType = wrapper.cfbundle; includeInIndex = 0; path = "Health Dashboard ExportUITests.xctest"; sourceTree = BUILT_PRODUCTS_DIR; };
/* End PBXFileReference section */

/* Begin PBXFileSystemSynchronizedRootGroup section */
		AFFAB3D02F3D094600F4495A /* Health Dashboard Export */ = {
			isa = PBXFileSystemSynchronizedRootGroup;
			path = "Health Dashboard Export";
			sourceTree = "<group>";
		};
		AFFAB3E32F3D094800F4495A /* Health Dashboard ExportTests */ = {
			isa = PBXFileSystemSynchronizedRootGroup;
			path = "Health Dashboard ExportTests";
			sourceTree = "<group>";
		};
		AFFAB3ED2F3D094800F4495A /* Health Dashboard ExportUITests */ = {
			isa = PBXFileSystemSynchronizedRootGroup;
			path = "Health Dashboard ExportUITests";
			sourceTree = "<group>";
		};
/* End PBXFileSystemSynchronizedRootGroup section */

/* Begin PBXFrameworksBuildPhase section */
		AFFAB3CB2F3D094600F4495A /* Frameworks */ = {
			isa = PBXFrameworksBuildPhase;
			buildActionMask = 2147483647;
			files = (
			);
			runOnlyForDeploymentPostprocessing = 0;
		};
		AFFAB3DD2F3D094800F4495A /* Frameworks */ = {
			isa = PBXFrameworksBuildPhase;
			buildActionMask = 2147483647;
			files = (
			);
			runOnlyForDeploymentPostprocessing = 0;
		};
		AFFAB3E72F3D094800F4495A /* Frameworks */ = {
			isa = PBXFrameworksBuildPhase;
			buildActionMask = 2147483647;
			files = (
			);
			runOnlyForDeploymentPostprocessing = 0;
		};
/* End PBXFrameworksBuildPhase section */

/* Begin PBXGroup section */
		AFFAB3C52F3D094600F4495A = {
			isa = PBXGroup;
			children = (
				AFFAB3D02F3D094600F4495A /* Health Dashboard Export */,
				AFFAB3E32F3D094800F4495A /* Health Dashboard ExportTests */,
				AFFAB3ED2F3D094800F4495A /* Health Dashboard ExportUITests */,
				AFFAB3CF2F3D094600F4495A /* Products */,
			);
			sourceTree = "<group>";
		};
		AFFAB3CF2F3D094600F4495A /* Products */ = {
			isa = PBXGroup;
			children = (
				AFFAB3CE2F3D094600F4495A /* Health Dashboard Export.app */,
				AFFAB3E02F3D094800F4495A /* Health Dashboard ExportTests.xctest */,
				AFFAB3EA2F3D094800F4495A /* Health Dashboard ExportUITests.xctest */,
			);
			name = Products;
			sourceTree = "<group>";
		};
/* End PBXGroup section */

/* Begin PBXNativeTarget section */
		AFFAB3CD2F3D094600F4495A /* Health Dashboard Export */ = {
			isa = PBXNativeTarget;
			buildConfigurationList = AFFAB3F42F3D094800F4495A /* Build configuration list for PBXNativeTarget "Health Dashboard Export" */;
			buildPhases = (
				AFFAB3CA2F3D094600F4495A /* Sources */,
				AFFAB3CB2F3D094600F4495A /* Frameworks */,
				AFFAB3CC2F3D094600F4495A /* Resources */,
			);
			buildRules = (
			);
			dependencies = (
			);
			fileSystemSynchronizedGroups = (
				AFFAB3D02F3D094600F4495A /* Health Dashboard Export */,
			);
			name = "Health Dashboard Export";
			packageProductDependencies = (
			);
			productName = "Health Dashboard Export";
			productReference = AFFAB3CE2F3D094600F4495A /* Health Dashboard Export.app */;
			productType = "com.apple.product-type.application";
		};
		AFFAB3DF2F3D094800F4495A /* Health Dashboard ExportTests */ = {
			isa = PBXNativeTarget;
			buildConfigurationList = AFFAB3F72F3D094800F4495A /* Build configuration list for PBXNativeTarget "Health Dashboard ExportTests" */;
			buildPhases = (
				AFFAB3DC2F3D094800F4495A /* Sources */,
				AFFAB3DD2F3D094800F4495A /* Frameworks */,
				AFFAB3DE2F3D094800F4495A /* Resources */,
			);
			buildRules = (
			);
			dependencies = (
				AFFAB3E22F3D094800F4495A /* PBXTargetDependency */,
			);
			fileSystemSynchronizedGroups = (
				AFFAB3E32F3D094800F4495A /* Health Dashboard ExportTests */,
			);
			name = "Health Dashboard ExportTests";
			packageProductDependencies = (
			);
			productName = "Health Dashboard ExportTests";
			productReference = AFFAB3E02F3D094800F4495A /* Health Dashboard ExportTests.xctest */;
			productType = "com.apple.product-type.bundle.unit-test";
		};
		AFFAB3E92F3D094800F4495A /* Health Dashboard ExportUITests */ = {
			isa = PBXNativeTarget;
			buildConfigurationList = AFFAB3FA2F3D094800F4495A /* Build configuration list for PBXNativeTarget "Health Dashboard ExportUITests" */;
			buildPhases = (
				AFFAB3E62F3D094800F4495A /* Sources */,
				AFFAB3E72F3D094800F4495A /* Frameworks */,
				AFFAB3E82F3D094800F4495A /* Resources */,
			);
			buildRules = (
			);
			dependencies = (
				AFFAB3EC2F3D094800F4495A /* PBXTargetDependency */,
			);
			fileSystemSynchronizedGroups = (
				AFFAB3ED2F3D094800F4495A /* Health Dashboard ExportUITests */,
			);
			name = "Health Dashboard ExportUITests";
			packageProductDependencies = (
			);
			productName = "Health Dashboard ExportUITests";
			productReference = AFFAB3EA2F3D094800F4495A /* Health Dashboard ExportUITests.xctest */;
			productType = "com.apple.product-type.bundle.ui-testing";
		};
/* End PBXNativeTarget section */

/* Begin PBXProject section */
		AFFAB3C62F3D094600F4495A /* Project object */ = {
			isa = PBXProject;
			attributes = {
				BuildIndependentTargetsInParallel = 1;
				LastSwiftUpdateCheck = 2630;
				LastUpgradeCheck = 2630;
				TargetAttributes = {
					AFFAB3CD2F3D094600F4495A = {
						CreatedOnToolsVersion = 26.3;
					};
					AFFAB3DF2F3D094800F4495A = {
						CreatedOnToolsVersion = 26.3;
						TestTargetID = AFFAB3CD2F3D094600F4495A;
					};
					AFFAB3E92F3D094800F4495A = {
						CreatedOnToolsVersion = 26.3;
						TestTargetID = AFFAB3CD2F3D094600F4495A;
					};
				};
			};
			buildConfigurationList = AFFAB3C92F3D094600F4495A /* Build configuration list for PBXProject "Health Dashboard Export" */;
			developmentRegion = en;
			hasScannedForEncodings = 0;
			knownRegions = (
				en,
				Base,
			);
			mainGroup = AFFAB3C52F3D094600F4495A;
			minimizedProjectReferenceProxies = 1;
			preferredProjectObjectVersion = 77;
			productRefGroup = AFFAB3CF2F3D094600F4495A /* Products */;
			projectDirPath = "";
			projectRoot = "";
			targets = (
				AFFAB3CD2F3D094600F4495A /* Health Dashboard Export */,
				AFFAB3DF2F3D094800F4495A /* Health Dashboard ExportTests */,
				AFFAB3E92F3D094800F4495A /* Health Dashboard ExportUITests */,
			);
		};
/* End PBXProject section */

/* Begin PBXResourcesBuildPhase section */
		AFFAB3CC2F3D094600F4495A /* Resources */ = {
			isa = PBXResourcesBuildPhase;
			buildActionMask = 2147483647;
			files = (
			);
			runOnlyForDeploymentPostprocessing = 0;
		};
		AFFAB3DE2F3D094800F4495A /* Resources */ = {
			isa = PBXResourcesBuildPhase;
			buildActionMask = 2147483647;
			files = (
			);
			runOnlyForDeploymentPostprocessing = 0;
		};
		AFFAB3E82F3D094800F4495A /* Resources */ = {
			isa = PBXResourcesBuildPhase;
			buildActionMask = 2147483647;
			files = (
			);
			runOnlyForDeploymentPostprocessing = 0;
		};
/* End PBXResourcesBuildPhase section */

/* Begin PBXSourcesBuildPhase section */
		AFFAB3CA2F3D094600F4495A /* Sources */ = {
			isa = PBXSourcesBuildPhase;
			buildActionMask = 2147483647;
			files = (
			);
			runOnlyForDeploymentPostprocessing = 0;
		};
		AFFAB3DC2F3D094800F4495A /* Sources */ = {
			isa = PBXSourcesBuildPhase;
			buildActionMask = 2147483647;
			files = (
			);
			runOnlyForDeploymentPostprocessing = 0;
		};
		AFFAB3E62F3D094800F4495A /* Sources */ = {
			isa = PBXSourcesBuildPhase;
			buildActionMask = 2147483647;
			files = (
			);
			runOnlyForDeploymentPostprocessing = 0;
		};
/* End PBXSourcesBuildPhase section */

/* Begin PBXTargetDependency section */
		AFFAB3E22F3D094800F4495A /* PBXTargetDependency */ = {
			isa = PBXTargetDependency;
			target = AFFAB3CD2F3D094600F4495A /* Health Dashboard Export */;
			targetProxy = AFFAB3E12F3D094800F4495A /* PBXContainerItemProxy */;
		};
		AFFAB3EC2F3D094800F4495A /* PBXTargetDependency */ = {
			isa = PBXTargetDependency;
			target = AFFAB3CD2F3D094600F4495A /* Health Dashboard Export */;
			targetProxy = AFFAB3EB2F3D094800F4495A /* PBXContainerItemProxy */;
		};
/* End PBXTargetDependency section */

/* Begin XCBuildConfiguration section */
		AFFAB3F22F3D094800F4495A /* Debug */ = {
			isa = XCBuildConfiguration;
			buildSettings = {
				ALWAYS_SEARCH_USER_PATHS = NO;
				ASSETCATALOG_COMPILER_GENERATE_SWIFT_ASSET_SYMBOL_EXTENSIONS = YES;
				CLANG_ANALYZER_NONNULL = YES;
				CLANG_ANALYZER_NUMBER_OBJECT_CONVERSION = YES_AGGRESSIVE;
				CLANG_CXX_LANGUAGE_STANDARD = "gnu++20";
				CLANG_ENABLE_MODULES = YES;
				CLANG_ENABLE_OBJC_ARC = YES;
				CLANG_ENABLE_OBJC_WEAK = YES;
				CLANG_WARN_BLOCK_CAPTURE_AUTORELEASING = YES;
				CLANG_WARN_BOOL_CONVERSION = YES;
				CLANG_WARN_COMMA = YES;
				CLANG_WARN_CONSTANT_CONVERSION = YES;
				CLANG_WARN_DEPRECATED_OBJC_IMPLEMENTATIONS = YES;
				CLANG_WARN_DIRECT_OBJC_ISA_USAGE = YES_ERROR;
				CLANG_WARN_DOCUMENTATION_COMMENTS = YES;
				CLANG_WARN_EMPTY_BODY = YES;
				CLANG_WARN_ENUM_CONVERSION = YES;
				CLANG_WARN_INFINITE_RECURSION = YES;
				CLANG_WARN_INT_CONVERSION = YES;
				CLANG_WARN_NON_LITERAL_NULL_CONVERSION = YES;
				CLANG_WARN_OBJC_IMPLICIT_RETAIN_SELF = YES;
				CLANG_WARN_OBJC_LITERAL_CONVERSION = YES;
				CLANG_WARN_OBJC_ROOT_CLASS = YES_ERROR;
				CLANG_WARN_QUOTED_INCLUDE_IN_FRAMEWORK_HEADER = YES;
				CLANG_WARN_RANGE_LOOP_ANALYSIS = YES;
				CLANG_WARN_STRICT_PROTOTYPES = YES;
				CLANG_WARN_SUSPICIOUS_MOVE = YES;
				CLANG_WARN_UNGUARDED_AVAILABILITY = YES_AGGRESSIVE;
				CLANG_WARN_UNREACHABLE_CODE = YES;
				CLANG_WARN__DUPLICATE_METHOD_MATCH = YES;
				COPY_PHASE_STRIP = NO;
				DEBUG_INFORMATION_FORMAT = dwarf;
				ENABLE_STRICT_OBJC_MSGSEND = YES;
				ENABLE_TESTABILITY = YES;
				ENABLE_USER_SCRIPT_SANDBOXING = YES;
				GCC_C_LANGUAGE_STANDARD = gnu17;
				GCC_DYNAMIC_NO_PIC = NO;
				GCC_NO_COMMON_BLOCKS = YES;
				GCC_OPTIMIZATION_LEVEL = 0;
				GCC_PREPROCESSOR_DEFINITIONS = (
					"DEBUG=1",
					"$(inherited)",
				);
				GCC_WARN_64_TO_32_BIT_CONVERSION = YES;
				GCC_WARN_ABOUT_RETURN_TYPE = YES_ERROR;
				GCC_WARN_UNDECLARED_SELECTOR = YES;
				GCC_WARN_UNINITIALIZED_AUTOS = YES_AGGRESSIVE;
				GCC_WARN_UNUSED_FUNCTION = YES;
				GCC_WARN_UNUSED_VARIABLE = YES;
				IPHONEOS_DEPLOYMENT_TARGET = 26.2;
				LOCALIZATION_PREFERS_STRING_CATALOGS = YES;
				MTL_ENABLE_DEBUG_INFO = INCLUDE_SOURCE;
				MTL_FAST_MATH = YES;
				ONLY_ACTIVE_ARCH = YES;
				SDKROOT = iphoneos;
				SWIFT_ACTIVE_COMPILATION_CONDITIONS = "DEBUG $(inherited)";
				SWIFT_OPTIMIZATION_LEVEL = "-Onone";
			};
			name = Debug;
		};
		AFFAB3F32F3D094800F4495A /* Release */ = {
			isa = XCBuildConfiguration;
			buildSettings = {
				ALWAYS_SEARCH_USER_PATHS = NO;
				ASSETCATALOG_COMPILER_GENERATE_SWIFT_ASSET_SYMBOL_EXTENSIONS = YES;
				CLANG_ANALYZER_NONNULL = YES;
				CLANG_ANALYZER_NUMBER_OBJECT_CONVERSION = YES_AGGRESSIVE;
				CLANG_CXX_LANGUAGE_STANDARD = "gnu++20";
				CLANG_ENABLE_MODULES = YES;
				CLANG_ENABLE_OBJC_ARC = YES;
				CLANG_ENABLE_OBJC_WEAK = YES;
				CLANG_WARN_BLOCK_CAPTURE_AUTORELEASING = YES;
				CLANG_WARN_BOOL_CONVERSION = YES;
				CLANG_WARN_COMMA = YES;
				CLANG_WARN_CONSTANT_CONVERSION = YES;
				CLANG_WARN_DEPRECATED_OBJC_IMPLEMENTATIONS = YES;
				CLANG_WARN_DIRECT_OBJC_ISA_USAGE = YES_ERROR;
				CLANG_WARN_DOCUMENTATION_COMMENTS = YES;
				CLANG_WARN_EMPTY_BODY = YES;
				CLANG_WARN_ENUM_CONVERSION = YES;
				CLANG_WARN_INFINITE_RECURSION = YES;
				CLANG_WARN_INT_CONVERSION = YES;
				CLANG_WARN_NON_LITERAL_NULL_CONVERSION = YES;
				CLANG_WARN_OBJC_IMPLICIT_RETAIN_SELF = YES;
				CLANG_WARN_OBJC_LITERAL_CONVERSION = YES;
				CLANG_WARN_OBJC_ROOT_CLASS = YES_ERROR;
				CLANG_WARN_QUOTED_INCLUDE_IN_FRAMEWORK_HEADER = YES;
				CLANG_WARN_RANGE_LOOP_ANALYSIS = YES;
				CLANG_WARN_STRICT_PROTOTYPES = YES;
				CLANG_WARN_SUSPICIOUS_MOVE = YES;
				CLANG_WARN_UNGUARDED_AVAILABILITY = YES_AGGRESSIVE;
				CLANG_WARN_UNREACHABLE_CODE = YES;
				CLANG_WARN__DUPLICATE_METHOD_MATCH = YES;
				COPY_PHASE_STRIP = NO;
				DEBUG_INFORMATION_FORMAT = "dwarf-with-dsym";
				ENABLE_NS_ASSERTIONS = NO;
				ENABLE_STRICT_OBJC_MSGSEND = YES;
				ENABLE_USER_SCRIPT_SANDBOXING = YES;
				GCC_C_LANGUAGE_STANDARD = gnu17;
				GCC_NO_COMMON_BLOCKS = YES;
				GCC_WARN_64_TO_32_BIT_CONVERSION = YES;
				GCC_WARN_ABOUT_RETURN_TYPE = YES_ERROR;
				GCC_WARN_UNDECLARED_SELECTOR = YES;
				GCC_WARN_UNINITIALIZED_AUTOS = YES_AGGRESSIVE;
				GCC_WARN_UNUSED_FUNCTION = YES;
				GCC_WARN_UNUSED_VARIABLE = YES;
				IPHONEOS_DEPLOYMENT_TARGET = 26.2;
				LOCALIZATION_PREFERS_STRING_CATALOGS = YES;
				MTL_ENABLE_DEBUG_INFO = NO;
				MTL_FAST_MATH = YES;
				SDKROOT = iphoneos;
				SWIFT_COMPILATION_MODE = wholemodule;
				VALIDATE_PRODUCT = YES;
			};
			name = Release;
		};
		AFFAB3F52F3D094800F4495A /* Debug */ = {
			isa = XCBuildConfiguration;
			buildSettings = {
				ASSETCATALOG_COMPILER_APPICON_NAME = AppIcon;
				ASSETCATALOG_COMPILER_GLOBAL_ACCENT_COLOR_NAME = AccentColor;
				CODE_SIGN_STYLE = Automatic;
				CURRENT_PROJECT_VERSION = 1;
				ENABLE_PREVIEWS = YES;
				GENERATE_INFOPLIST_FILE = YES;
				INFOPLIST_KEY_UIApplicationSceneManifest_Generation = YES;
				INFOPLIST_KEY_UIApplicationSupportsIndirectInputEvents = YES;
				INFOPLIST_KEY_UILaunchScreen_Generation = YES;
				INFOPLIST_KEY_UISupportedInterfaceOrientations_iPad = "UIInterfaceOrientationPortrait UIInterfaceOrientationPortraitUpsideDown UIInterfaceOrientationLandscapeLeft UIInterfaceOrientationLandscapeRight";
				INFOPLIST_KEY_UISupportedInterfaceOrientations_iPhone = "UIInterfaceOrientationPortrait UIInterfaceOrientationLandscapeLeft UIInterfaceOrientationLandscapeRight";
				LD_RUNPATH_SEARCH_PATHS = (
					"$(inherited)",
					"@executable_path/Frameworks",
				);
				MARKETING_VERSION = 1.0;
				PRODUCT_BUNDLE_IDENTIFIER = "cc.neuwirth.Health-Dashboard-Export";
				PRODUCT_NAME = "$(TARGET_NAME)";
				STRING_CATALOG_GENERATE_SYMBOLS = YES;
				SWIFT_APPROACHABLE_CONCURRENCY = YES;
				SWIFT_DEFAULT_ACTOR_ISOLATION = MainActor;
				SWIFT_EMIT_LOC_STRINGS = YES;
				SWIFT_UPCOMING_FEATURE_MEMBER_IMPORT_VISIBILITY = YES;
				SWIFT_VERSION = 5.0;
				TARGETED_DEVICE_FAMILY = "1,2";
			};
			name = Debug;
		};
		AFFAB3F62F3D094800F4495A /* Release */ = {
			isa = XCBuildConfiguration;
			buildSettings = {
				ASSETCATALOG_COMPILER_APPICON_NAME = AppIcon;
				ASSETCATALOG_COMPILER_GLOBAL_ACCENT_COLOR_NAME = AccentColor;
				CODE_SIGN_STYLE = Automatic;
				CURRENT_PROJECT_VERSION = 1;
				ENABLE_PREVIEWS = YES;
				GENERATE_INFOPLIST_FILE = YES;
				INFOPLIST_KEY_UIApplicationSceneManifest_Generation = YES;
				INFOPLIST_KEY_UIApplicationSupportsIndirectInputEvents = YES;
				INFOPLIST_KEY_UILaunchScreen_Generation = YES;
				INFOPLIST_KEY_UISupportedInterfaceOrientations_iPad = "UIInterfaceOrientationPortrait UIInterfaceOrientationPortraitUpsideDown UIInterfaceOrientationLandscapeLeft UIInterfaceOrientationLandscapeRight";
				INFOPLIST_KEY_UISupportedInterfaceOrientations_iPhone = "UIInterfaceOrientationPortrait UIInterfaceOrientationLandscapeLeft UIInterfaceOrientationLandscapeRight";
				LD_RUNPATH_SEARCH_PATHS = (
					"$(inherited)",
					"@executable_path/Frameworks",
				);
				MARKETING_VERSION = 1.0;
				PRODUCT_BUNDLE_IDENTIFIER = "cc.neuwirth.Health-Dashboard-Export";
				PRODUCT_NAME = "$(TARGET_NAME)";
				STRING_CATALOG_GENERATE_SYMBOLS = YES;
				SWIFT_APPROACHABLE_CONCURRENCY = YES;
				SWIFT_DEFAULT_ACTOR_ISOLATION = MainActor;
				SWIFT_EMIT_LOC_STRINGS = YES;
				SWIFT_UPCOMING_FEATURE_MEMBER_IMPORT_VISIBILITY = YES;
				SWIFT_VERSION = 5.0;
				TARGETED_DEVICE_FAMILY = "1,2";
			};
			name = Release;
		};
		AFFAB3F82F3D094800F4495A /* Debug */ = {
			isa = XCBuildConfiguration;
			buildSettings = {
				BUNDLE_LOADER = "$(TEST_HOST)";
				CODE_SIGN_STYLE = Automatic;
				CURRENT_PROJECT_VERSION = 1;
				GENERATE_INFOPLIST_FILE = YES;
				IPHONEOS_DEPLOYMENT_TARGET = 26.2;
				MARKETING_VERSION = 1.0;
				PRODUCT_BUNDLE_IDENTIFIER = "cc.neuwirth.Health-Dashboard-ExportTests";
				PRODUCT_NAME = "$(TARGET_NAME)";
				STRING_CATALOG_GENERATE_SYMBOLS = NO;
				SWIFT_APPROACHABLE_CONCURRENCY = YES;
				SWIFT_EMIT_LOC_STRINGS = NO;
				SWIFT_UPCOMING_FEATURE_MEMBER_IMPORT_VISIBILITY = YES;
				SWIFT_VERSION = 5.0;
				TARGETED_DEVICE_FAMILY = "1,2";
				TEST_HOST = "$(BUILT_PRODUCTS_DIR)/Health Dashboard Export.app/$(BUNDLE_EXECUTABLE_FOLDER_PATH)/Health Dashboard Export";
			};
			name = Debug;
		};
		AFFAB3F92F3D094800F4495A /* Release */ = {
			isa = XCBuildConfiguration;
			buildSettings = {
				BUNDLE_LOADER = "$(TEST_HOST)";
				CODE_SIGN_STYLE = Automatic;
				CURRENT_PROJECT_VERSION = 1;
				GENERATE_INFOPLIST_FILE = YES;
				IPHONEOS_DEPLOYMENT_TARGET = 26.2;
				MARKETING_VERSION = 1.0;
				PRODUCT_BUNDLE_IDENTIFIER = "cc.neuwirth.Health-Dashboard-ExportTests";
				PRODUCT_NAME = "$(TARGET_NAME)";
				STRING_CATALOG_GENERATE_SYMBOLS = NO;
				SWIFT_APPROACHABLE_CONCURRENCY = YES;
				SWIFT_EMIT_LOC_STRINGS = NO;
				SWIFT_UPCOMING_FEATURE_MEMBER_IMPORT_VISIBILITY = YES;
				SWIFT_VERSION = 5.0;
				TARGETED_DEVICE_FAMILY = "1,2";
				TEST_HOST = "$(BUILT_PRODUCTS_DIR)/Health Dashboard Export.app/$(BUNDLE_EXECUTABLE_FOLDER_PATH)/Health Dashboard Export";
			};
			name = Release;
		};
		AFFAB3FB2F3D094800F4495A /* Debug */ = {
			isa = XCBuildConfiguration;
			buildSettings = {
				CODE_SIGN_STYLE = Automatic;
				CURRENT_PROJECT_VERSION = 1;
				GENERATE_INFOPLIST_FILE = YES;
				MARKETING_VERSION = 1.0;
				PRODUCT_BUNDLE_IDENTIFIER = "cc.neuwirth.Health-Dashboard-ExportUITests";
				PRODUCT_NAME = "$(TARGET_NAME)";
				STRING_CATALOG_GENERATE_SYMBOLS = NO;
				SWIFT_APPROACHABLE_CONCURRENCY = YES;
				SWIFT_EMIT_LOC_STRINGS = NO;
				SWIFT_UPCOMING_FEATURE_MEMBER_IMPORT_VISIBILITY = YES;
				SWIFT_VERSION = 5.0;
				TARGETED_DEVICE_FAMILY = "1,2";
				TEST_TARGET_NAME = "Health Dashboard Export";
			};
			name = Debug;
		};
		AFFAB3FC2F3D094800F4495A /* Release */ = {
			isa = XCBuildConfiguration;
			buildSettings = {
				CODE_SIGN_STYLE = Automatic;
				CURRENT_PROJECT_VERSION = 1;
				GENERATE_INFOPLIST_FILE = YES;
				MARKETING_VERSION = 1.0;
				PRODUCT_BUNDLE_IDENTIFIER = "cc.neuwirth.Health-Dashboard-ExportUITests";
				PRODUCT_NAME = "$(TARGET_NAME)";
				STRING_CATALOG_GENERATE_SYMBOLS = NO;
				SWIFT_APPROACHABLE_CONCURRENCY = YES;
				SWIFT_EMIT_LOC_STRINGS = NO;
				SWIFT_UPCOMING_FEATURE_MEMBER_IMPORT_VISIBILITY = YES;
				SWIFT_VERSION = 5.0;
				TARGETED_DEVICE_FAMILY = "1,2";
				TEST_TARGET_NAME = "Health Dashboard Export";
			};
			name = Release;
		};
/* End XCBuildConfiguration section */

/* Begin XCConfigurationList section */
		AFFAB3C92F3D094600F4495A /* Build configuration list for PBXProject "Health Dashboard Export" */ = {
			isa = XCConfigurationList;
			buildConfigurations = (
				AFFAB3F22F3D094800F4495A /* Debug */,
				AFFAB3F32F3D094800F4495A /* Release */,
			);
			defaultConfigurationIsVisible = 0;
			defaultConfigurationName = Release;
		};
		AFFAB3F42F3D094800F4495A /* Build configuration list for PBXNativeTarget "Health Dashboard Export" */ = {
			isa = XCConfigurationList;
			buildConfigurations = (
				AFFAB3F52F3D094800F4495A /* Debug */,
				AFFAB3F62F3D094800F4495A /* Release */,
			);
			defaultConfigurationIsVisible = 0;
			defaultConfigurationName = Release;
		};
		AFFAB3F72F3D094800F4495A /* Build configuration list for PBXNativeTarget "Health Dashboard ExportTests" */ = {
			isa = XCConfigurationList;
			buildConfigurations = (
				AFFAB3F82F3D094800F4495A /* Debug */,
				AFFAB3F92F3D094800F4495A /* Release */,
			);
			defaultConfigurationIsVisible = 0;
			defaultConfigurationName = Release;
		};
		AFFAB3FA2F3D094800F4495A /* Build configuration list for PBXNativeTarget "Health Dashboard ExportUITests" */ = {
			isa = XCConfigurationList;
			buildConfigurations = (
				AFFAB3FB2F3D094800F4495A /* Debug */,
				AFFAB3FC2F3D094800F4495A /* Release */,
			);
			defaultConfigurationIsVisible = 0;
			defaultConfigurationName = Release;
		};
/* End XCConfigurationList section */
	};
	rootObject = AFFAB3C62F3D094600F4495A /* Project object */;
}
